// !$*UTF8*$!
{
	archiveVersion = 1;
	classes = {
	};
	objectVersion = 50;
	objects = {

/* Begin PBXBuildFile section */
		960ACFBB21A42CAD00EE0A3C /* AppDelegate.swift in Sources */ = {isa = PBXBuildFile; fileRef = 960ACFBA21A42CAD00EE0A3C /* AppDelegate.swift */; };
		960ACFBD21A42CAD00EE0A3C /* ViewController.swift in Sources */ = {isa = PBXBuildFile; fileRef = 960ACFBC21A42CAD00EE0A3C /* ViewController.swift */; };
		960ACFC021A42CAD00EE0A3C /* Main.storyboard in Resources */ = {isa = PBXBuildFile; fileRef = 960ACFBE21A42CAD00EE0A3C /* Main.storyboard */; };
		960ACFC221A42CB000EE0A3C /* Assets.xcassets in Resources */ = {isa = PBXBuildFile; fileRef = 960ACFC121A42CB000EE0A3C /* Assets.xcassets */; };
		960ACFC521A42CB000EE0A3C /* LaunchScreen.storyboard in Resources */ = {isa = PBXBuildFile; fileRef = 960ACFC321A42CB000EE0A3C /* LaunchScreen.storyboard */; };
		960ACFD021A42CB000EE0A3C /* GeolocationTests.swift in Sources */ = {isa = PBXBuildFile; fileRef = 960ACFCF21A42CB000EE0A3C /* GeolocationTests.swift */; };
		960ACFDB21A42CB000EE0A3C /* GeolocationUITests.swift in Sources */ = {isa = PBXBuildFile; fileRef = 960ACFDA21A42CB000EE0A3C /* GeolocationUITests.swift */; };
/* End PBXBuildFile section */

/* Begin PBXContainerItemProxy section */
		960ACFCC21A42CB000EE0A3C /* PBXContainerItemProxy */ = {
			isa = PBXContainerItemProxy;
			containerPortal = 960ACFAF21A42CAD00EE0A3C /* Project object */;
			proxyType = 1;
			remoteGlobalIDString = 960ACFB621A42CAD00EE0A3C;
			remoteInfo = Geolocation;
		};
		960ACFD721A42CB000EE0A3C /* PBXContainerItemProxy */ = {
			isa = PBXContainerItemProxy;
			containerPortal = 960ACFAF21A42CAD00EE0A3C /* Project object */;
			proxyType = 1;
			remoteGlobalIDString = 960ACFB621A42CAD00EE0A3C;
			remoteInfo = Geolocation;
		};
/* End PBXContainerItemProxy section */

/* Begin PBXFileReference section */
		960ACFB721A42CAD00EE0A3C /* Geolocation.app */ = {isa = PBXFileReference; explicitFileType = wrapper.application; includeInIndex = 0; path = Geolocation.app; sourceTree = BUILT_PRODUCTS_DIR; };
		960ACFBA21A42CAD00EE0A3C /* AppDelegate.swift */ = {isa = PBXFileReference; lastKnownFileType = sourcecode.swift; path = AppDelegate.swift; sourceTree = "<group>"; };
		960ACFBC21A42CAD00EE0A3C /* ViewController.swift */ = {isa = PBXFileReference; lastKnownFileType = sourcecode.swift; path = ViewController.swift; sourceTree = "<group>"; };
		960ACFBF21A42CAD00EE0A3C /* Base */ = {isa = PBXFileReference; lastKnownFileType = file.storyboard; name = Base; path = Base.lproj/Main.storyboard; sourceTree = "<group>"; };
		960ACFC121A42CB000EE0A3C /* Assets.xcassets */ = {isa = PBXFileReference; lastKnownFileType = folder.assetcatalog; path = Assets.xcassets; sourceTree = "<group>"; };
		960ACFC421A42CB000EE0A3C /* Base */ = {isa = PBXFileReference; lastKnownFileType = file.storyboard; name = Base; path = Base.lproj/LaunchScreen.storyboard; sourceTree = "<group>"; };
		960ACFC621A42CB000EE0A3C /* Info.plist */ = {isa = PBXFileReference; lastKnownFileType = text.plist.xml; path = Info.plist; sourceTree = "<group>"; };
		960ACFCB21A42CB000EE0A3C /* GeolocationTests.xctest */ = {isa = PBXFileReference; explicitFileType = wrapper.cfbundle; includeInIndex = 0; path = GeolocationTests.xctest; sourceTree = BUILT_PRODUCTS_DIR; };
		960ACFCF21A42CB000EE0A3C /* GeolocationTests.swift */ = {isa = PBXFileReference; lastKnownFileType = sourcecode.swift; path = GeolocationTests.swift; sourceTree = "<group>"; };
		960ACFD121A42CB000EE0A3C /* Info.plist */ = {isa = PBXFileReference; lastKnownFileType = text.plist.xml; path = Info.plist; sourceTree = "<group>"; };
		960ACFD621A42CB000EE0A3C /* GeolocationUITests.xctest */ = {isa = PBXFileReference; explicitFileType = wrapper.cfbundle; includeInIndex = 0; path = GeolocationUITests.xctest; sourceTree = BUILT_PRODUCTS_DIR; };
		960ACFDA21A42CB000EE0A3C /* GeolocationUITests.swift */ = {isa = PBXFileReference; lastKnownFileType = sourcecode.swift; path = GeolocationUITests.swift; sourceTree = "<group>"; };
		960ACFDC21A42CB000EE0A3C /* Info.plist */ = {isa = PBXFileReference; lastKnownFileType = text.plist.xml; path = Info.plist; sourceTree = "<group>"; };
/* End PBXFileReference section */

/* Begin PBXFrameworksBuildPhase section */
		960ACFB421A42CAD00EE0A3C /* Frameworks */ = {
			isa = PBXFrameworksBuildPhase;
			buildActionMask = 2147483647;
			files = (
			);
			runOnlyForDeploymentPostprocessing = 0;
		};
		960ACFC821A42CB000EE0A3C /* Frameworks */ = {
			isa = PBXFrameworksBuildPhase;
			buildActionMask = 2147483647;
			files = (
			);
			runOnlyForDeploymentPostprocessing = 0;
		};
		960ACFD321A42CB000EE0A3C /* Frameworks */ = {
			isa = PBXFrameworksBuildPhase;
			buildActionMask = 2147483647;
			files = (
			);
			runOnlyForDeploymentPostprocessing = 0;
		};
/* End PBXFrameworksBuildPhase section */

/* Begin PBXGroup section */
		960ACFAE21A42CAD00EE0A3C = {
			isa = PBXGroup;
			children = (
				960ACFB921A42CAD00EE0A3C /* Geolocation */,
				960ACFCE21A42CB000EE0A3C /* GeolocationTests */,
				960ACFD921A42CB000EE0A3C /* GeolocationUITests */,
				960ACFB821A42CAD00EE0A3C /* Products */,
			);
			sourceTree = "<group>";
		};
		960ACFB821A42CAD00EE0A3C /* Products */ = {
			isa = PBXGroup;
			children = (
				960ACFB721A42CAD00EE0A3C /* Geolocation.app */,
				960ACFCB21A42CB000EE0A3C /* GeolocationTests.xctest */,
				960ACFD621A42CB000EE0A3C /* GeolocationUITests.xctest */,
			);
			name = Products;
			sourceTree = "<group>";
		};
		960ACFB921A42CAD00EE0A3C /* Geolocation */ = {
			isa = PBXGroup;
			children = (
				960ACFBA21A42CAD00EE0A3C /* AppDelegate.swift */,
				960ACFBC21A42CAD00EE0A3C /* ViewController.swift */,
				960ACFBE21A42CAD00EE0A3C /* Main.storyboard */,
				960ACFC121A42CB000EE0A3C /* Assets.xcassets */,
				960ACFC321A42CB000EE0A3C /* LaunchScreen.storyboard */,
				960ACFC621A42CB000EE0A3C /* Info.plist */,
			);
			path = Geolocation;
			sourceTree = "<group>";
		};
		960ACFCE21A42CB000EE0A3C /* GeolocationTests */ = {
			isa = PBXGroup;
			children = (
				960ACFCF21A42CB000EE0A3C /* GeolocationTests.swift */,
				960ACFD121A42CB000EE0A3C /* Info.plist */,
			);
			path = GeolocationTests;
			sourceTree = "<group>";
		};
		960ACFD921A42CB000EE0A3C /* GeolocationUITests */ = {
			isa = PBXGroup;
			children = (
				960ACFDA21A42CB000EE0A3C /* GeolocationUITests.swift */,
				960ACFDC21A42CB000EE0A3C /* Info.plist */,
			);
			path = GeolocationUITests;
			sourceTree = "<group>";
		};
/* End PBXGroup section */

/* Begin PBXNativeTarget section */
		960ACFB621A42CAD00EE0A3C /* Geolocation */ = {
			isa = PBXNativeTarget;
			buildConfigurationList = 960ACFDF21A42CB000EE0A3C /* Build configuration list for PBXNativeTarget "Geolocation" */;
			buildPhases = (
				960ACFB321A42CAD00EE0A3C /* Sources */,
				960ACFB421A42CAD00EE0A3C /* Frameworks */,
				960ACFB521A42CAD00EE0A3C /* Resources */,
			);
			buildRules = (
			);
			dependencies = (
			);
			name = Geolocation;
			productName = Geolocation;
			productReference = 960ACFB721A42CAD00EE0A3C /* Geolocation.app */;
			productType = "com.apple.product-type.application";
		};
		960ACFCA21A42CB000EE0A3C /* GeolocationTests */ = {
			isa = PBXNativeTarget;
			buildConfigurationList = 960ACFE221A42CB000EE0A3C /* Build configuration list for PBXNativeTarget "GeolocationTests" */;
			buildPhases = (
				960ACFC721A42CB000EE0A3C /* Sources */,
				960ACFC821A42CB000EE0A3C /* Frameworks */,
				960ACFC921A42CB000EE0A3C /* Resources */,
			);
			buildRules = (
			);
			dependencies = (
				960ACFCD21A42CB000EE0A3C /* PBXTargetDependency */,
			);
			name = GeolocationTests;
			productName = GeolocationTests;
			productReference = 960ACFCB21A42CB000EE0A3C /* GeolocationTests.xctest */;
			productType = "com.apple.product-type.bundle.unit-test";
		};
		960ACFD521A42CB000EE0A3C /* GeolocationUITests */ = {
			isa = PBXNativeTarget;
			buildConfigurationList = 960ACFE521A42CB000EE0A3C /* Build configuration list for PBXNativeTarget "GeolocationUITests" */;
			buildPhases = (
				960ACFD221A42CB000EE0A3C /* Sources */,
				960ACFD321A42CB000EE0A3C /* Frameworks */,
				960ACFD421A42CB000EE0A3C /* Resources */,
			);
			buildRules = (
			);
			dependencies = (
				960ACFD821A42CB000EE0A3C /* PBXTargetDependency */,
			);
			name = GeolocationUITests;
			productName = GeolocationUITests;
			productReference = 960ACFD621A42CB000EE0A3C /* GeolocationUITests.xctest */;
			productType = "com.apple.product-type.bundle.ui-testing";
		};
/* End PBXNativeTarget section */

/* Begin PBXProject section */
		960ACFAF21A42CAD00EE0A3C /* Project object */ = {
			isa = PBXProject;
			attributes = {
				LastSwiftUpdateCheck = 1000;
				LastUpgradeCheck = 1000;
				ORGANIZATIONNAME = "Lalit Arya";
				TargetAttributes = {
					960ACFB621A42CAD00EE0A3C = {
						CreatedOnToolsVersion = 10.0;
					};
					960ACFCA21A42CB000EE0A3C = {
						CreatedOnToolsVersion = 10.0;
						TestTargetID = 960ACFB621A42CAD00EE0A3C;
					};
					960ACFD521A42CB000EE0A3C = {
						CreatedOnToolsVersion = 10.0;
						TestTargetID = 960ACFB621A42CAD00EE0A3C;
					};
				};
			};
			buildConfigurationList = 960ACFB221A42CAD00EE0A3C /* Build configuration list for PBXProject "Geolocation" */;
			compatibilityVersion = "Xcode 9.3";
			developmentRegion = en;
			hasScannedForEncodings = 0;
			knownRegions = (
				en,
				Base,
			);
			mainGroup = 960ACFAE21A42CAD00EE0A3C;
			productRefGroup = 960ACFB821A42CAD00EE0A3C /* Products */;
			projectDirPath = "";
			projectRoot = "";
			targets = (
				960ACFB621A42CAD00EE0A3C /* Geolocation */,
				960ACFCA21A42CB000EE0A3C /* GeolocationTests */,
				960ACFD521A42CB000EE0A3C /* GeolocationUITests */,
			);
		};
/* End PBXProject section */

/* Begin PBXResourcesBuildPhase section */
		960ACFB521A42CAD00EE0A3C /* Resources */ = {
			isa = PBXResourcesBuildPhase;
			buildActionMask = 2147483647;
			files = (
				960ACFC521A42CB000EE0A3C /* LaunchScreen.storyboard in Resources */,
				960ACFC221A42CB000EE0A3C /* Assets.xcassets in Resources */,
				960ACFC021A42CAD00EE0A3C /* Main.storyboard in Resources */,
			);
			runOnlyForDeploymentPostprocessing = 0;
		};
		960ACFC921A42CB000EE0A3C /* Resources */ = {
			isa = PBXResourcesBuildPhase;
			buildActionMask = 2147483647;
			files = (
			);
			runOnlyForDeploymentPostprocessing = 0;
		};
		960ACFD421A42CB000EE0A3C /* Resources */ = {
			isa = PBXResourcesBuildPhase;
			buildActionMask = 2147483647;
			files = (
			);
			runOnlyForDeploymentPostprocessing = 0;
		};
/* End PBXResourcesBuildPhase section */

/* Begin PBXSourcesBuildPhase section */
		960ACFB321A42CAD00EE0A3C /* Sources */ = {
			isa = PBXSourcesBuildPhase;
			buildActionMask = 2147483647;
			files = (
				960ACFBD21A42CAD00EE0A3C /* ViewController.swift in Sources */,
				960ACFBB21A42CAD00EE0A3C /* AppDelegate.swift in Sources */,
			);
			runOnlyForDeploymentPostprocessing = 0;
		};
		960ACFC721A42CB000EE0A3C /* Sources */ = {
			isa = PBXSourcesBuildPhase;
			buildActionMask = 2147483647;
			files = (
				960ACFD021A42CB000EE0A3C /* GeolocationTests.swift in Sources */,
			);
			runOnlyForDeploymentPostprocessing = 0;
		};
		960ACFD221A42CB000EE0A3C /* Sources */ = {
			isa = PBXSourcesBuildPhase;
			buildActionMask = 2147483647;
			files = (
				960ACFDB21A42CB000EE0A3C /* GeolocationUITests.swift in Sources */,
			);
			runOnlyForDeploymentPostprocessing = 0;
		};
/* End PBXSourcesBuildPhase section */

/* Begin PBXTargetDependency section */
		960ACFCD21A42CB000EE0A3C /* PBXTargetDependency */ = {
			isa = PBXTargetDependency;
			target = 960ACFB621A42CAD00EE0A3C /* Geolocation */;
			targetProxy = 960ACFCC21A42CB000EE0A3C /* PBXContainerItemProxy */;
		};
		960ACFD821A42CB000EE0A3C /* PBXTargetDependency */ = {
			isa = PBXTargetDependency;
			target = 960ACFB621A42CAD00EE0A3C /* Geolocation */;
			targetProxy = 960ACFD721A42CB000EE0A3C /* PBXContainerItemProxy */;
		};
/* End PBXTargetDependency section */

/* Begin PBXVariantGroup section */
		960ACFBE21A42CAD00EE0A3C /* Main.storyboard */ = {
			isa = PBXVariantGroup;
			children = (
				960ACFBF21A42CAD00EE0A3C /* Base */,
			);
			name = Main.storyboard;
			sourceTree = "<group>";
		};
		960ACFC321A42CB000EE0A3C /* LaunchScreen.storyboard */ = {
			isa = PBXVariantGroup;
			children = (
				960ACFC421A42CB000EE0A3C /* Base */,
			);
			name = LaunchScreen.storyboard;
			sourceTree = "<group>";
		};
/* End PBXVariantGroup section */

/* Begin XCBuildConfiguration section */
		960ACFDD21A42CB000EE0A3C /* Debug */ = {
			isa = XCBuildConfiguration;
			buildSettings = {
				ALWAYS_SEARCH_USER_PATHS = NO;
				CLANG_ANALYZER_NONNULL = YES;
				CLANG_ANALYZER_NUMBER_OBJECT_CONVERSION = YES_AGGRESSIVE;
				CLANG_CXX_LANGUAGE_STANDARD = "gnu++14";
				CLANG_CXX_LIBRARY = "libc++";
				CLANG_ENABLE_MODULES = YES;
				CLANG_ENABLE_OBJC_ARC = YES;
				CLANG_ENABLE_OBJC_WEAK = YES;
				CLANG_WARN_BLOCK_CAPTURE_AUTORELEASING = YES;
				CLANG_WARN_BOOL_CONVERSION = YES;
				CLANG_WARN_COMMA = YES;
				CLANG_WARN_CONSTANT_CONVERSION = YES;
				CLANG_WARN_DEPRECATED_OBJC_IMPLEMENTATIONS = YES;
				CLANG_WARN_DIRECT_OBJC_ISA_USAGE = YES_ERROR;
				CLANG_WARN_DOCUMENTATION_COMMENTS = YES;
				CLANG_WARN_EMPTY_BODY = YES;
				CLANG_WARN_ENUM_CONVERSION = YES;
				CLANG_WARN_INFINITE_RECURSION = YES;
				CLANG_WARN_INT_CONVERSION = YES;
				CLANG_WARN_NON_LITERAL_NULL_CONVERSION = YES;
				CLANG_WARN_OBJC_IMPLICIT_RETAIN_SELF = YES;
				CLANG_WARN_OBJC_LITERAL_CONVERSION = YES;
				CLANG_WARN_OBJC_ROOT_CLASS = YES_ERROR;
				CLANG_WARN_RANGE_LOOP_ANALYSIS = YES;
				CLANG_WARN_STRICT_PROTOTYPES = YES;
				CLANG_WARN_SUSPICIOUS_MOVE = YES;
				CLANG_WARN_UNGUARDED_AVAILABILITY = YES_AGGRESSIVE;
				CLANG_WARN_UNREACHABLE_CODE = YES;
				CLANG_WARN__DUPLICATE_METHOD_MATCH = YES;
				CODE_SIGN_IDENTITY = "iPhone Developer";
				COPY_PHASE_STRIP = NO;
				DEBUG_INFORMATION_FORMAT = dwarf;
				ENABLE_STRICT_OBJC_MSGSEND = YES;
				ENABLE_TESTABILITY = YES;
				GCC_C_LANGUAGE_STANDARD = gnu11;
				GCC_DYNAMIC_NO_PIC = NO;
				GCC_NO_COMMON_BLOCKS = YES;
				GCC_OPTIMIZATION_LEVEL = 0;
				GCC_PREPROCESSOR_DEFINITIONS = (
					"DEBUG=1",
					"$(inherited)",
				);
				GCC_WARN_64_TO_32_BIT_CONVERSION = YES;
				GCC_WARN_ABOUT_RETURN_TYPE = YES_ERROR;
				GCC_WARN_UNDECLARED_SELECTOR = YES;
				GCC_WARN_UNINITIALIZED_AUTOS = YES_AGGRESSIVE;
				GCC_WARN_UNUSED_FUNCTION = YES;
				GCC_WARN_UNUSED_VARIABLE = YES;
				IPHONEOS_DEPLOYMENT_TARGET = 12.0;
				MTL_ENABLE_DEBUG_INFO = INCLUDE_SOURCE;
				MTL_FAST_MATH = YES;
				ONLY_ACTIVE_ARCH = YES;
				SDKROOT = iphoneos;
				SWIFT_ACTIVE_COMPILATION_CONDITIONS = DEBUG;
				SWIFT_OPTIMIZATION_LEVEL = "-Onone";
			};
			name = Debug;
		};
		960ACFDE21A42CB000EE0A3C /* Release */ = {
			isa = XCBuildConfiguration;
			buildSettings = {
				ALWAYS_SEARCH_USER_PATHS = NO;
				CLANG_ANALYZER_NONNULL = YES;
				CLANG_ANALYZER_NUMBER_OBJECT_CONVERSION = YES_AGGRESSIVE;
				CLANG_CXX_LANGUAGE_STANDARD = "gnu++14";
				CLANG_CXX_LIBRARY = "libc++";
				CLANG_ENABLE_MODULES = YES;
				CLANG_ENABLE_OBJC_ARC = YES;
				CLANG_ENABLE_OBJC_WEAK = YES;
				CLANG_WARN_BLOCK_CAPTURE_AUTORELEASING = YES;
				CLANG_WARN_BOOL_CONVERSION = YES;
				CLANG_WARN_COMMA = YES;
				CLANG_WARN_CONSTANT_CONVERSION = YES;
				CLANG_WARN_DEPRECATED_OBJC_IMPLEMENTATIONS = YES;
				CLANG_WARN_DIRECT_OBJC_ISA_USAGE = YES_ERROR;
				CLANG_WARN_DOCUMENTATION_COMMENTS = YES;
				CLANG_WARN_EMPTY_BODY = YES;
				CLANG_WARN_ENUM_CONVERSION = YES;
				CLANG_WARN_INFINITE_RECURSION = YES;
				CLANG_WARN_INT_CONVERSION = YES;
				CLANG_WARN_NON_LITERAL_NULL_CONVERSION = YES;
				CLANG_WARN_OBJC_IMPLICIT_RETAIN_SELF = YES;
				CLANG_WARN_OBJC_LITERAL_CONVERSION = YES;
				CLANG_WARN_OBJC_ROOT_CLASS = YES_ERROR;
				CLANG_WARN_RANGE_LOOP_ANALYSIS = YES;
				CLANG_WARN_STRICT_PROTOTYPES = YES;
				CLANG_WARN_SUSPICIOUS_MOVE = YES;
				CLANG_WARN_UNGUARDED_AVAILABILITY = YES_AGGRESSIVE;
				CLANG_WARN_UNREACHABLE_CODE = YES;
				CLANG_WARN__DUPLICATE_METHOD_MATCH = YES;
				CODE_SIGN_IDENTITY = "iPhone Developer";
				COPY_PHASE_STRIP = NO;
				DEBUG_INFORMATION_FORMAT = "dwarf-with-dsym";
				ENABLE_NS_ASSERTIONS = NO;
				ENABLE_STRICT_OBJC_MSGSEND = YES;
				GCC_C_LANGUAGE_STANDARD = gnu11;
				GCC_NO_COMMON_BLOCKS = YES;
				GCC_WARN_64_TO_32_BIT_CONVERSION = YES;
				GCC_WARN_ABOUT_RETURN_TYPE = YES_ERROR;
				GCC_WARN_UNDECLARED_SELECTOR = YES;
				GCC_WARN_UNINITIALIZED_AUTOS = YES_AGGRESSIVE;
				GCC_WARN_UNUSED_FUNCTION = YES;
				GCC_WARN_UNUSED_VARIABLE = YES;
				IPHONEOS_DEPLOYMENT_TARGET = 12.0;
				MTL_ENABLE_DEBUG_INFO = NO;
				MTL_FAST_MATH = YES;
				SDKROOT = iphoneos;
				SWIFT_COMPILATION_MODE = wholemodule;
				SWIFT_OPTIMIZATION_LEVEL = "-O";
				VALIDATE_PRODUCT = YES;
			};
			name = Release;
		};
		960ACFE021A42CB000EE0A3C /* Debug */ = {
			isa = XCBuildConfiguration;
			buildSettings = {
				ASSETCATALOG_COMPILER_APPICON_NAME = AppIcon;
				CODE_SIGN_STYLE = Automatic;
				INFOPLIST_FILE = Geolocation/Info.plist;
				LD_RUNPATH_SEARCH_PATHS = (
					"$(inherited)",
					"@executable_path/Frameworks",
				);
				PRODUCT_BUNDLE_IDENTIFIER = com.optionsmoneymaker.messenger.Geolocation;
				PRODUCT_NAME = "$(TARGET_NAME)";
				SWIFT_VERSION = 4.2;
				TARGETED_DEVICE_FAMILY = "1,2";
			};
			name = Debug;
		};
		960ACFE121A42CB000EE0A3C /* Release */ = {
			isa = XCBuildConfiguration;
			buildSettings = {
				ASSETCATALOG_COMPILER_APPICON_NAME = AppIcon;
				CODE_SIGN_STYLE = Automatic;
				INFOPLIST_FILE = Geolocation/Info.plist;
				LD_RUNPATH_SEARCH_PATHS = (
					"$(inherited)",
					"@executable_path/Frameworks",
				);
				PRODUCT_BUNDLE_IDENTIFIER = com.optionsmoneymaker.messenger.Geolocation;
				PRODUCT_NAME = "$(TARGET_NAME)";
				SWIFT_VERSION = 4.2;
				TARGETED_DEVICE_FAMILY = "1,2";
			};
			name = Release;
		};
		960ACFE321A42CB000EE0A3C /* Debug */ = {
			isa = XCBuildConfiguration;
			buildSettings = {
				ALWAYS_EMBED_SWIFT_STANDARD_LIBRARIES = YES;
				BUNDLE_LOADER = "$(TEST_HOST)";
				CODE_SIGN_STYLE = Automatic;
				INFOPLIST_FILE = GeolocationTests/Info.plist;
				LD_RUNPATH_SEARCH_PATHS = (
					"$(inherited)",
					"@executable_path/Frameworks",
					"@loader_path/Frameworks",
				);
				PRODUCT_BUNDLE_IDENTIFIER = com.optionsmoneymaker.messenger.GeolocationTests;
				PRODUCT_NAME = "$(TARGET_NAME)";
				SWIFT_VERSION = 4.2;
				TARGETED_DEVICE_FAMILY = "1,2";
				TEST_HOST = "$(BUILT_PRODUCTS_DIR)/Geolocation.app/Geolocation";
			};
			name = Debug;
		};
		960ACFE421A42CB000EE0A3C /* Release */ = {
			isa = XCBuildConfiguration;
			buildSettings = {
				ALWAYS_EMBED_SWIFT_STANDARD_LIBRARIES = YES;
				BUNDLE_LOADER = "$(TEST_HOST)";
				CODE_SIGN_STYLE = Automatic;
				INFOPLIST_FILE = GeolocationTests/Info.plist;
				LD_RUNPATH_SEARCH_PATHS = (
					"$(inherited)",
					"@executable_path/Frameworks",
					"@loader_path/Frameworks",
				);
				PRODUCT_BUNDLE_IDENTIFIER = com.optionsmoneymaker.messenger.GeolocationTests;
				PRODUCT_NAME = "$(TARGET_NAME)";
				SWIFT_VERSION = 4.2;
				TARGETED_DEVICE_FAMILY = "1,2";
				TEST_HOST = "$(BUILT_PRODUCTS_DIR)/Geolocation.app/Geolocation";
			};
			name = Release;
		};
		960ACFE621A42CB000EE0A3C /* Debug */ = {
			isa = XCBuildConfiguration;
			buildSettings = {
				ALWAYS_EMBED_SWIFT_STANDARD_LIBRARIES = YES;
				CODE_SIGN_STYLE = Automatic;
				INFOPLIST_FILE = GeolocationUITests/Info.plist;
				LD_RUNPATH_SEARCH_PATHS = (
					"$(inherited)",
					"@executable_path/Frameworks",
					"@loader_path/Frameworks",
				);
				PRODUCT_BUNDLE_IDENTIFIER = com.optionsmoneymaker.messenger.GeolocationUITests;
				PRODUCT_NAME = "$(TARGET_NAME)";
				SWIFT_VERSION = 4.2;
				TARGETED_DEVICE_FAMILY = "1,2";
				TEST_TARGET_NAME = Geolocation;
			};
			name = Debug;
		};
		960ACFE721A42CB000EE0A3C /* Release */ = {
			isa = XCBuildConfiguration;
			buildSettings = {
				ALWAYS_EMBED_SWIFT_STANDARD_LIBRARIES = YES;
				CODE_SIGN_STYLE = Automatic;
				INFOPLIST_FILE = GeolocationUITests/Info.plist;
				LD_RUNPATH_SEARCH_PATHS = (
					"$(inherited)",
					"@executable_path/Frameworks",
					"@loader_path/Frameworks",
				);
				PRODUCT_BUNDLE_IDENTIFIER = com.optionsmoneymaker.messenger.GeolocationUITests;
				PRODUCT_NAME = "$(TARGET_NAME)";
				SWIFT_VERSION = 4.2;
				TARGETED_DEVICE_FAMILY = "1,2";
				TEST_TARGET_NAME = Geolocation;
			};
			name = Release;
		};
/* End XCBuildConfiguration section */

/* Begin XCConfigurationList section */
		960ACFB221A42CAD00EE0A3C /* Build configuration list for PBXProject "Geolocation" */ = {
			isa = XCConfigurationList;
			buildConfigurations = (
				960ACFDD21A42CB000EE0A3C /* Debug */,
				960ACFDE21A42CB000EE0A3C /* Release */,
			);
			defaultConfigurationIsVisible = 0;
			defaultConfigurationName = Release;
		};
		960ACFDF21A42CB000EE0A3C /* Build configuration list for PBXNativeTarget "Geolocation" */ = {
			isa = XCConfigurationList;
			buildConfigurations = (
				960ACFE021A42CB000EE0A3C /* Debug */,
				960ACFE121A42CB000EE0A3C /* Release */,
			);
			defaultConfigurationIsVisible = 0;
			defaultConfigurationName = Release;
		};
		960ACFE221A42CB000EE0A3C /* Build configuration list for PBXNativeTarget "GeolocationTests" */ = {
			isa = XCConfigurationList;
			buildConfigurations = (
				960ACFE321A42CB000EE0A3C /* Debug */,
				960ACFE421A42CB000EE0A3C /* Release */,
			);
			defaultConfigurationIsVisible = 0;
			defaultConfigurationName = Release;
		};
		960ACFE521A42CB000EE0A3C /* Build configuration list for PBXNativeTarget "GeolocationUITests" */ = {
			isa = XCConfigurationList;
			buildConfigurations = (
				960ACFE621A42CB000EE0A3C /* Debug */,
				960ACFE721A42CB000EE0A3C /* Release */,
			);
			defaultConfigurationIsVisible = 0;
			defaultConfigurationName = Release;
		};
/* End XCConfigurationList section */
	};
	rootObject = 960ACFAF21A42CAD00EE0A3C /* Project object */;
}
